
Microsoft Visual Studio Solution File, Format Version 12.00
# Visual Studio Version 17
VisualStudioVersion = 17.0.31919.166
MinimumVisualStudioVersion = 10.0.40219.1
Project("{FAE04EC0-301F-11D3-BF4B-00C04F79EFBC}") = "APIproyecto", "APIproyecto.csproj", "{4364ACF2-7AE3-4405-8624-B779A47B457E}"
EndProject
Global
	GlobalSection(SolutionConfigurationPlatforms) = preSolution
		Debug|Any CPU = Debug|Any CPU
		Release|Any CPU = Release|Any CPU
	EndGlobalSection
	GlobalSection(ProjectConfigurationPlatforms) = postSolution
		{4364ACF2-7AE3-4405-8624-B779A47B457E}.Debug|Any CPU.ActiveCfg = Debug|Any CPU
		{4364ACF2-7AE3-4405-8624-B779A47B457E}.Debug|Any CPU.Build.0 = Debug|Any CPU
		{4364ACF2-7AE3-4405-8624-B779A47B457E}.Release|Any CPU.ActiveCfg = Release|Any CPU
		{4364ACF2-7AE3-4405-8624-B779A47B457E}.Release|Any CPU.Build.0 = Release|Any CPU
	EndGlobalSection
	GlobalSection(SolutionProperties) = preSolution
		HideSolutionNode = FALSE
	EndGlobalSection
	GlobalSection(ExtensibilityGlobals) = postSolution
		SolutionGuid = {AC30A77E-ABDD-4D16-AEA9-1CA5E7B84E0F}
	EndGlobalSection
EndGlobal
